{
  "nodes": {
    "flake-utils": {
      "inputs": {
        "systems": "systems"
      },
      "locked": {
        "lastModified": 1731533236,
        "narHash": "sha256-l0KFg5HjrsfsO/JpG+r7fRrqm12kzFHyUHqHCVpMMbI=",
        "owner": "numtide",
        "repo": "flake-utils",
        "rev": "11707dc2f618dd54ca8739b309ec4fc024de578b",
        "type": "github"
      },
      "original": {
        "owner": "numtide",
        "repo": "flake-utils",
        "type": "github"
      }
    },
    "flake-utils_2": {
      "locked": {
        "lastModified": 1644229661,
        "narHash": "sha256-1YdnJAsNy69bpcjuoKdOYQX0YxZBiCYZo4Twxerqv7k=",
        "owner": "numtide",
        "repo": "flake-utils",
        "rev": "3cecb5b042f7f209c56ffd8371b2711a290ec797",
        "type": "github"
      },
      "original": {
        "owner": "numtide",
        "repo": "flake-utils",
        "type": "github"
      }
    },
    "flake-utils_3": {
      "inputs": {
        "systems": "systems_2"
      },
      "locked": {
        "lastModified": 1731533236,
        "narHash": "sha256-l0KFg5HjrsfsO/JpG+r7fRrqm12kzFHyUHqHCVpMMbI=",
        "owner": "numtide",
        "repo": "flake-utils",
        "rev": "11707dc2f618dd54ca8739b309ec4fc024de578b",
        "type": "github"
      },
      "original": {
        "owner": "numtide",
        "repo": "flake-utils",
        "type": "github"
      }
    },
    "flake-utils_4": {
      "inputs": {
        "systems": "systems_3"
      },
      "locked": {
        "lastModified": 1731533236,
        "narHash": "sha256-l0KFg5HjrsfsO/JpG+r7fRrqm12kzFHyUHqHCVpMMbI=",
        "owner": "numtide",
        "repo": "flake-utils",
        "rev": "11707dc2f618dd54ca8739b309ec4fc024de578b",
        "type": "github"
      },
      "original": {
        "owner": "numtide",
        "repo": "flake-utils",
        "type": "github"
      }
    },
    "foundry": {
      "inputs": {
        "flake-utils": "flake-utils_2",
        "nixpkgs": "nixpkgs"
      },
      "locked": {
        "lastModified": 1771831458,
        "narHash": "sha256-fXxX9PHdICWYpvSycw1LaR8JrQPtLO6dWmcLoPluN10=",
        "owner": "shazow",
        "repo": "foundry.nix",
        "rev": "9f502cb7a9de15ee8b35125753a644c086e7c6f1",
        "type": "github"
      },
      "original": {
        "owner": "shazow",
        "ref": "main",
        "repo": "foundry.nix",
        "type": "github"
      }
    },
    "natlint": {
      "inputs": {
        "flake-utils": "flake-utils_3",
        "nixpkgs": "nixpkgs_2",
        "rust-overlay": "rust-overlay"
      },
      "locked": {
        "lastModified": 1769412456,
        "narHash": "sha256-vlwJL3I4ctGjWZExpslwPHKFZc3rsIe8kd6FiWqg8R4=",
        "owner": "srdtrk",
        "repo": "natlint",
        "rev": "94f472f15c25c18091b8532cfa660f46379e2a02",
        "type": "github"
      },
      "original": {
        "owner": "srdtrk",
        "repo": "natlint",
        "type": "github"
      }
    },
    "nixpkgs": {
      "locked": {
        "lastModified": 1666753130,
        "narHash": "sha256-Wff1dGPFSneXJLI2c0kkdWTgxnQ416KE6X4KnFkgPYQ=",
        "owner": "NixOS",
        "repo": "nixpkgs",
        "rev": "f540aeda6f677354f1e7144ab04352f61aaa0118",
        "type": "github"
      },
      "original": {
        "id": "nixpkgs",
        "type": "indirect"
      }
    },
    "nixpkgs_2": {
      "locked": {
        "lastModified": 1748026106,
        "narHash": "sha256-6m1Y3/4pVw1RWTsrkAK2VMYSzG4MMIj7sqUy7o8th1o=",
        "owner": "nixos",
        "repo": "nixpkgs",
        "rev": "063f43f2dbdef86376cc29ad646c45c46e93234c",
        "type": "github"
      },
      "original": {
        "owner": "nixos",
        "ref": "nixos-unstable",
        "repo": "nixpkgs",
        "type": "github"
      }
    },
    "nixpkgs_3": {
      "locked": {
        "lastModified": 1744536153,
        "narHash": "sha256-awS2zRgF4uTwrOKwwiJcByDzDOdo3Q1rPZbiHQg/N38=",
        "owner": "NixOS",
        "repo": "nixpkgs",
        "rev": "18dd725c29603f582cf1900e0d25f9f1063dbf11",
        "type": "github"
      },
      "original": {
        "owner": "NixOS",
        "ref": "nixpkgs-unstable",
        "repo": "nixpkgs",
        "type": "github"
      }
    },
    "nixpkgs_4": {
      "locked": {
        "lastModified": 1771848320,
        "narHash": "sha256-0MAd+0mun3K/Ns8JATeHT1sX28faLII5hVLq0L3BdZU=",
        "owner": "nixos",
        "repo": "nixpkgs",
        "rev": "2fc6539b481e1d2569f25f8799236694180c0993",
        "type": "github"
      },
      "original": {
        "owner": "nixos",
        "ref": "nixos-unstable",
        "repo": "nixpkgs",
        "type": "github"
      }
    },
    "nixpkgs_5": {
      "locked": {
        "lastModified": 1744536153,
        "narHash": "sha256-awS2zRgF4uTwrOKwwiJcByDzDOdo3Q1rPZbiHQg/N38=",
        "owner": "NixOS",
        "repo": "nixpkgs",
        "rev": "18dd725c29603f582cf1900e0d25f9f1063dbf11",
        "type": "github"
      },
      "original": {
        "owner": "NixOS",
        "ref": "nixpkgs-unstable",
        "repo": "nixpkgs",
        "type": "github"
      }
    },
    "root": {
      "inputs": {
        "flake-utils": "flake-utils",
        "foundry": "foundry",
        "natlint": "natlint",
        "nixpkgs": "nixpkgs_4",
        "rust-overlay": "rust-overlay_2",
        "solc": "solc"
      }
    },
    "rust-overlay": {
      "inputs": {
        "nixpkgs": "nixpkgs_3"
      },
      "locked": {
        "lastModified": 1748140821,
        "narHash": "sha256-GZcjWLQtDifSYMd1ueLDmuVTcQQdD5mONIBTqABooOk=",
        "owner": "oxalica",
        "repo": "rust-overlay",
        "rev": "476b2ba7dc99ddbf70b1f45357dbbdbdbdfb4422",
        "type": "github"
      },
      "original": {
        "owner": "oxalica",
        "repo": "rust-overlay",
        "type": "github"
      }
    },
    "rust-overlay_2": {
      "inputs": {
        "nixpkgs": "nixpkgs_5"
      },
      "locked": {
        "lastModified": 1771902481,
        "narHash": "sha256-svI5ivzggtu4KhCdoab3xR5+Btop24o7yLFtIPXrsPM=",
        "owner": "oxalica",
        "repo": "rust-overlay",
        "rev": "5177426d9f8f7f1827001c9749b9a9c5570d456b",
        "type": "github"
      },
      "original": {
        "owner": "oxalica",
        "repo": "rust-overlay",
        "type": "github"
      }
    },
    "solc": {
      "inputs": {
        "flake-utils": "flake-utils_4",
        "nixpkgs": [
          "nixpkgs"
        ],
        "solc-macos-amd64-list-json": "solc-macos-amd64-list-json"
      },
      "locked": {
        "lastModified": 1768831671,
        "narHash": "sha256-0mmlYRtZK+eomevkQCCH7PL8QlSuALZQsjLroCWGE08=",
        "owner": "hellwolf",
        "repo": "solc.nix",
        "rev": "80ad871b93d15c7bccf71617f78f73c2d291a9c7",
        "type": "github"
      },
      "original": {
        "owner": "hellwolf",
        "repo": "solc.nix",
        "type": "github"
      }
    },
    "solc-macos-amd64-list-json": {
      "flake": false,
      "locked": {
        "narHash": "sha256-P+ZslplK4cQ/wnV/wykVKb+yTCviI0eylA3sk9uHmRo=",
        "type": "file",
        "url": "https://github.com/argotorg/solc-bin/raw/a11f1ad/macosx-amd64/list.json"
      },
      "original": {
        "type": "file",
        "url": "https://github.com/argotorg/solc-bin/raw/a11f1ad/macosx-amd64/list.json"
      }
    },
    "systems": {
      "locked": {
        "lastModified": 1681028828,
        "narHash": "sha256-Vy1rq5AaRuLzOxct8nz4T6wlgyUR7zLU309k9mBC768=",
        "owner": "nix-systems",
        "repo": "default",
        "rev": "da67096a3b9bf56a91d16901293e51ba5b49a27e",
        "type": "github"
      },
      "original": {
        "owner": "nix-systems",
        "repo": "default",
        "type": "github"
      }
    },
    "systems_2": {
      "locked": {
        "lastModified": 1681028828,
        "narHash": "sha256-Vy1rq5AaRuLzOxct8nz4T6wlgyUR7zLU309k9mBC768=",
        "owner": "nix-systems",
        "repo": "default",
        "rev": "da67096a3b9bf56a91d16901293e51ba5b49a27e",
        "type": "github"
      },
      "original": {
        "owner": "nix-systems",
        "repo": "default",
        "type": "github"
      }
    },
    "systems_3": {
      "locked": {
        "lastModified": 1681028828,
        "narHash": "sha256-Vy1rq5AaRuLzOxct8nz4T6wlgyUR7zLU309k9mBC768=",
        "owner": "nix-systems",
        "repo": "default",
        "rev": "da67096a3b9bf56a91d16901293e51ba5b49a27e",
        "type": "github"
      },
      "original": {
        "owner": "nix-systems",
        "repo": "default",
        "type": "github"
      }
    }
  },
  "root": "root",
  "version": 7
}
